
Microsoft Visual Studio Solution File, Format Version 12.00
# Visual Studio Version 17
VisualStudioVersion = 17.0.31903.59
MinimumVisualStudioVersion = 10.0.40219.1
Project("{FAE04EC0-301F-11D3-BF4B-00C04F79EFBC}") = "Server", "Server\Server.csproj", "{AA8785F1-D7CB-4187-9AE5-2925182AF3F5}"
EndProject
Project("{FAE04EC0-301F-11D3-BF4B-00C04F79EFBC}") = "Client", "Client\Client.csproj", "{29AE0699-1006-473E-A3E4-70BD828155D8}"
EndProject
Global
	GlobalSection(SolutionConfigurationPlatforms) = preSolution
		Debug|Any CPU = Debug|Any CPU
		Release|Any CPU = Release|Any CPU
	EndGlobalSection
	GlobalSection(SolutionProperties) = preSolution
		HideSolutionNode = FALSE
	EndGlobalSection
	GlobalSection(ProjectConfigurationPlatforms) = postSolution
		{AA8785F1-D7CB-4187-9AE5-2925182AF3F5}.Debug|Any CPU.ActiveCfg = Debug|Any CPU
		{AA8785F1-D7CB-4187-9AE5-2925182AF3F5}.Debug|Any CPU.Build.0 = Debug|Any CPU
		{AA8785F1-D7CB-4187-9AE5-2925182AF3F5}.Release|Any CPU.ActiveCfg = Release|Any CPU
		{AA8785F1-D7CB-4187-9AE5-2925182AF3F5}.Release|Any CPU.Build.0 = Release|Any CPU
		{29AE0699-1006-473E-A3E4-70BD828155D8}.Debug|Any CPU.ActiveCfg = Debug|Any CPU
		{29AE0699-1006-473E-A3E4-70BD828155D8}.Debug|Any CPU.Build.0 = Debug|Any CPU
		{29AE0699-1006-473E-A3E4-70BD828155D8}.Release|Any CPU.ActiveCfg = Release|Any CPU
		{29AE0699-1006-473E-A3E4-70BD828155D8}.Release|Any CPU.Build.0 = Release|Any CPU
	EndGlobalSection
EndGlobal
